// !$*UTF8*$!
{
	archiveVersion = 1;
	classes = {
	};
	objectVersion = 46;
	objects = {

/* Begin PBXBuildFile section */
		512714E21F27951A00CC3548 /* main.m in Sources */ = {isa = PBXBuildFile; fileRef = 512714E11F27951A00CC3548 /* main.m */; };
		512714E51F27951A00CC3548 /* AppDelegate.m in Sources */ = {isa = PBXBuildFile; fileRef = 512714E41F27951A00CC3548 /* AppDelegate.m */; };
		512714E71F27951A00CC3548 /* Assets.xcassets in Resources */ = {isa = PBXBuildFile; fileRef = 512714E61F27951A00CC3548 /* Assets.xcassets */; };
		512714EA1F27951A00CC3548 /* LaunchScreen.storyboard in Resources */ = {isa = PBXBuildFile; fileRef = 512714E81F27951A00CC3548 /* LaunchScreen.storyboard */; };
		512714F51F27951B00CC3548 /* WesterosAppTests.m in Sources */ = {isa = PBXBuildFile; fileRef = 512714F41F27951B00CC3548 /* WesterosAppTests.m */; };
		512715011F27961000CC3548 /* HouseModel.m in Sources */ = {isa = PBXBuildFile; fileRef = 512715001F27961000CC3548 /* HouseModel.m */; };
		512715051F27973400CC3548 /* SigilModel.m in Sources */ = {isa = PBXBuildFile; fileRef = 512715041F27973400CC3548 /* SigilModel.m */; };
		512715081F279B1400CC3548 /* Person.m in Sources */ = {isa = PBXBuildFile; fileRef = 512715071F279B1400CC3548 /* Person.m */; };
		5127150D1F27A46200CC3548 /* HouseViewController.m in Sources */ = {isa = PBXBuildFile; fileRef = 5127150B1F27A46200CC3548 /* HouseViewController.m */; };
		5127150E1F27A46200CC3548 /* HouseViewController.xib in Resources */ = {isa = PBXBuildFile; fileRef = 5127150C1F27A46200CC3548 /* HouseViewController.xib */; };
		512715121F27AF0100CC3548 /* WebViewController.m in Sources */ = {isa = PBXBuildFile; fileRef = 512715101F27AF0100CC3548 /* WebViewController.m */; };
		512715131F27AF0100CC3548 /* WebViewController.xib in Resources */ = {isa = PBXBuildFile; fileRef = 512715111F27AF0100CC3548 /* WebViewController.xib */; };
		512715191F27BF4C00CC3548 /* HousesModel.m in Sources */ = {isa = PBXBuildFile; fileRef = 512715181F27BF4C00CC3548 /* HousesModel.m */; };
		5127151C1F27C45100CC3548 /* HousesTableViewController.m in Sources */ = {isa = PBXBuildFile; fileRef = 5127151B1F27C45100CC3548 /* HousesTableViewController.m */; };
/* End PBXBuildFile section */

/* Begin PBXContainerItemProxy section */
		512714F11F27951B00CC3548 /* PBXContainerItemProxy */ = {
			isa = PBXContainerItemProxy;
			containerPortal = 512714D51F27951A00CC3548 /* Project object */;
			proxyType = 1;
			remoteGlobalIDString = 512714DC1F27951A00CC3548;
			remoteInfo = WesterosApp;
		};
/* End PBXContainerItemProxy section */

/* Begin PBXFileReference section */
		512714DD1F27951A00CC3548 /* WesterosApp.app */ = {isa = PBXFileReference; explicitFileType = wrapper.application; includeInIndex = 0; path = WesterosApp.app; sourceTree = BUILT_PRODUCTS_DIR; };
		512714E11F27951A00CC3548 /* main.m */ = {isa = PBXFileReference; lastKnownFileType = sourcecode.c.objc; path = main.m; sourceTree = "<group>"; };
		512714E31F27951A00CC3548 /* AppDelegate.h */ = {isa = PBXFileReference; lastKnownFileType = sourcecode.c.h; path = AppDelegate.h; sourceTree = "<group>"; };
		512714E41F27951A00CC3548 /* AppDelegate.m */ = {isa = PBXFileReference; lastKnownFileType = sourcecode.c.objc; path = AppDelegate.m; sourceTree = "<group>"; };
		512714E61F27951A00CC3548 /* Assets.xcassets */ = {isa = PBXFileReference; lastKnownFileType = folder.assetcatalog; path = Assets.xcassets; sourceTree = "<group>"; };
		512714E91F27951A00CC3548 /* Base */ = {isa = PBXFileReference; lastKnownFileType = file.storyboard; name = Base; path = Base.lproj/LaunchScreen.storyboard; sourceTree = "<group>"; };
		512714EB1F27951A00CC3548 /* Info.plist */ = {isa = PBXFileReference; lastKnownFileType = text.plist.xml; path = Info.plist; sourceTree = "<group>"; };
		512714F01F27951B00CC3548 /* WesterosAppTests.xctest */ = {isa = PBXFileReference; explicitFileType = wrapper.cfbundle; includeInIndex = 0; path = WesterosAppTests.xctest; sourceTree = BUILT_PRODUCTS_DIR; };
		512714F41F27951B00CC3548 /* WesterosAppTests.m */ = {isa = PBXFileReference; lastKnownFileType = sourcecode.c.objc; path = WesterosAppTests.m; sourceTree = "<group>"; };
		512714F61F27951B00CC3548 /* Info.plist */ = {isa = PBXFileReference; lastKnownFileType = text.plist.xml; path = Info.plist; sourceTree = "<group>"; };
		512714FF1F27961000CC3548 /* HouseModel.h */ = {isa = PBXFileReference; fileEncoding = 4; lastKnownFileType = sourcecode.c.h; path = HouseModel.h; sourceTree = "<group>"; };
		512715001F27961000CC3548 /* HouseModel.m */ = {isa = PBXFileReference; fileEncoding = 4; lastKnownFileType = sourcecode.c.objc; path = HouseModel.m; sourceTree = "<group>"; };
		512715031F27973400CC3548 /* SigilModel.h */ = {isa = PBXFileReference; fileEncoding = 4; lastKnownFileType = sourcecode.c.h; path = SigilModel.h; sourceTree = "<group>"; };
		512715041F27973400CC3548 /* SigilModel.m */ = {isa = PBXFileReference; fileEncoding = 4; lastKnownFileType = sourcecode.c.objc; path = SigilModel.m; sourceTree = "<group>"; };
		512715061F279B1400CC3548 /* Person.h */ = {isa = PBXFileReference; fileEncoding = 4; lastKnownFileType = sourcecode.c.h; path = Person.h; sourceTree = "<group>"; };
		512715071F279B1400CC3548 /* Person.m */ = {isa = PBXFileReference; fileEncoding = 4; lastKnownFileType = sourcecode.c.objc; path = Person.m; sourceTree = "<group>"; };
		5127150A1F27A46200CC3548 /* HouseViewController.h */ = {isa = PBXFileReference; fileEncoding = 4; lastKnownFileType = sourcecode.c.h; path = HouseViewController.h; sourceTree = "<group>"; };
		5127150B1F27A46200CC3548 /* HouseViewController.m */ = {isa = PBXFileReference; fileEncoding = 4; lastKnownFileType = sourcecode.c.objc; path = HouseViewController.m; sourceTree = "<group>"; };
		5127150C1F27A46200CC3548 /* HouseViewController.xib */ = {isa = PBXFileReference; fileEncoding = 4; lastKnownFileType = file.xib; path = HouseViewController.xib; sourceTree = "<group>"; };
		5127150F1F27AF0100CC3548 /* WebViewController.h */ = {isa = PBXFileReference; fileEncoding = 4; lastKnownFileType = sourcecode.c.h; path = WebViewController.h; sourceTree = "<group>"; };
		512715101F27AF0100CC3548 /* WebViewController.m */ = {isa = PBXFileReference; fileEncoding = 4; lastKnownFileType = sourcecode.c.objc; path = WebViewController.m; sourceTree = "<group>"; };
		512715111F27AF0100CC3548 /* WebViewController.xib */ = {isa = PBXFileReference; fileEncoding = 4; lastKnownFileType = file.xib; path = WebViewController.xib; sourceTree = "<group>"; };
		512715171F27BF4C00CC3548 /* HousesModel.h */ = {isa = PBXFileReference; fileEncoding = 4; lastKnownFileType = sourcecode.c.h; path = HousesModel.h; sourceTree = "<group>"; };
		512715181F27BF4C00CC3548 /* HousesModel.m */ = {isa = PBXFileReference; fileEncoding = 4; lastKnownFileType = sourcecode.c.objc; path = HousesModel.m; sourceTree = "<group>"; };
		5127151A1F27C45100CC3548 /* HousesTableViewController.h */ = {isa = PBXFileReference; fileEncoding = 4; lastKnownFileType = sourcecode.c.h; path = HousesTableViewController.h; sourceTree = "<group>"; };
		5127151B1F27C45100CC3548 /* HousesTableViewController.m */ = {isa = PBXFileReference; fileEncoding = 4; lastKnownFileType = sourcecode.c.objc; path = HousesTableViewController.m; sourceTree = "<group>"; };
/* End PBXFileReference section */

/* Begin PBXFrameworksBuildPhase section */
		512714DA1F27951A00CC3548 /* Frameworks */ = {
			isa = PBXFrameworksBuildPhase;
			buildActionMask = 2147483647;
			files = (
			);
			runOnlyForDeploymentPostprocessing = 0;
		};
		512714ED1F27951B00CC3548 /* Frameworks */ = {
			isa = PBXFrameworksBuildPhase;
			buildActionMask = 2147483647;
			files = (
			);
			runOnlyForDeploymentPostprocessing = 0;
		};
/* End PBXFrameworksBuildPhase section */

/* Begin PBXGroup section */
		512714D41F27951A00CC3548 = {
			isa = PBXGroup;
			children = (
				512714DF1F27951A00CC3548 /* WesterosApp */,
				512714F31F27951B00CC3548 /* WesterosAppTests */,
				512714DE1F27951A00CC3548 /* Products */,
			);
			sourceTree = "<group>";
		};
		512714DE1F27951A00CC3548 /* Products */ = {
			isa = PBXGroup;
			children = (
				512714DD1F27951A00CC3548 /* WesterosApp.app */,
				512714F01F27951B00CC3548 /* WesterosAppTests.xctest */,
			);
			name = Products;
			sourceTree = "<group>";
		};
		512714DF1F27951A00CC3548 /* WesterosApp */ = {
			isa = PBXGroup;
			children = (
				512715091F27A30E00CC3548 /* Controllers */,
				512714E31F27951A00CC3548 /* AppDelegate.h */,
				512714E41F27951A00CC3548 /* AppDelegate.m */,
				512714E61F27951A00CC3548 /* Assets.xcassets */,
				512714E81F27951A00CC3548 /* LaunchScreen.storyboard */,
				512714EB1F27951A00CC3548 /* Info.plist */,
				512714E01F27951A00CC3548 /* Supporting Files */,
				512715021F27962200CC3548 /* Models */,
			);
			path = WesterosApp;
			sourceTree = "<group>";
		};
		512714E01F27951A00CC3548 /* Supporting Files */ = {
			isa = PBXGroup;
			children = (
				512714E11F27951A00CC3548 /* main.m */,
			);
			name = "Supporting Files";
			sourceTree = "<group>";
		};
		512714F31F27951B00CC3548 /* WesterosAppTests */ = {
			isa = PBXGroup;
			children = (
				512714F41F27951B00CC3548 /* WesterosAppTests.m */,
				512714F61F27951B00CC3548 /* Info.plist */,
			);
			path = WesterosAppTests;
			sourceTree = "<group>";
		};
		512715021F27962200CC3548 /* Models */ = {
			isa = PBXGroup;
			children = (
				512714FF1F27961000CC3548 /* HouseModel.h */,
				512715001F27961000CC3548 /* HouseModel.m */,
				512715031F27973400CC3548 /* SigilModel.h */,
				512715041F27973400CC3548 /* SigilModel.m */,
				512715061F279B1400CC3548 /* Person.h */,
				512715071F279B1400CC3548 /* Person.m */,
				512715171F27BF4C00CC3548 /* HousesModel.h */,
				512715181F27BF4C00CC3548 /* HousesModel.m */,
			);
			name = Models;
			sourceTree = "<group>";
		};
		512715091F27A30E00CC3548 /* Controllers */ = {
			isa = PBXGroup;
			children = (
				5127150A1F27A46200CC3548 /* HouseViewController.h */,
				5127150B1F27A46200CC3548 /* HouseViewController.m */,
				5127150C1F27A46200CC3548 /* HouseViewController.xib */,
				5127150F1F27AF0100CC3548 /* WebViewController.h */,
				512715101F27AF0100CC3548 /* WebViewController.m */,
				512715111F27AF0100CC3548 /* WebViewController.xib */,
				5127151A1F27C45100CC3548 /* HousesTableViewController.h */,
				5127151B1F27C45100CC3548 /* HousesTableViewController.m */,
			);
			name = Controllers;
			sourceTree = "<group>";
		};
/* End PBXGroup section */

/* Begin PBXNativeTarget section */
		512714DC1F27951A00CC3548 /* WesterosApp */ = {
			isa = PBXNativeTarget;
			buildConfigurationList = 512714F91F27951B00CC3548 /* Build configuration list for PBXNativeTarget "WesterosApp" */;
			buildPhases = (
				512714D91F27951A00CC3548 /* Sources */,
				512714DA1F27951A00CC3548 /* Frameworks */,
				512714DB1F27951A00CC3548 /* Resources */,
			);
			buildRules = (
			);
			dependencies = (
			);
			name = WesterosApp;
			productName = WesterosApp;
			productReference = 512714DD1F27951A00CC3548 /* WesterosApp.app */;
			productType = "com.apple.product-type.application";
		};
		512714EF1F27951B00CC3548 /* WesterosAppTests */ = {
			isa = PBXNativeTarget;
			buildConfigurationList = 512714FC1F27951B00CC3548 /* Build configuration list for PBXNativeTarget "WesterosAppTests" */;
			buildPhases = (
				512714EC1F27951B00CC3548 /* Sources */,
				512714ED1F27951B00CC3548 /* Frameworks */,
				512714EE1F27951B00CC3548 /* Resources */,
			);
			buildRules = (
			);
			dependencies = (
				512714F21F27951B00CC3548 /* PBXTargetDependency */,
			);
			name = WesterosAppTests;
			productName = WesterosAppTests;
			productReference = 512714F01F27951B00CC3548 /* WesterosAppTests.xctest */;
			productType = "com.apple.product-type.bundle.unit-test";
		};
/* End PBXNativeTarget section */

/* Begin PBXProject section */
		512714D51F27951A00CC3548 /* Project object */ = {
			isa = PBXProject;
			attributes = {
				LastUpgradeCheck = 0830;
				ORGANIZATIONNAME = "Alan Casas";
				TargetAttributes = {
					512714DC1F27951A00CC3548 = {
						CreatedOnToolsVersion = 8.3.3;
						DevelopmentTeam = 5J2G4846S8;
						ProvisioningStyle = Automatic;
					};
					512714EF1F27951B00CC3548 = {
						CreatedOnToolsVersion = 8.3.3;
						DevelopmentTeam = 5J2G4846S8;
						ProvisioningStyle = Automatic;
						TestTargetID = 512714DC1F27951A00CC3548;
					};
				};
			};
			buildConfigurationList = 512714D81F27951A00CC3548 /* Build configuration list for PBXProject "WesterosApp" */;
			compatibilityVersion = "Xcode 3.2";
			developmentRegion = English;
			hasScannedForEncodings = 0;
			knownRegions = (
				en,
				Base,
			);
			mainGroup = 512714D41F27951A00CC3548;
			productRefGroup = 512714DE1F27951A00CC3548 /* Products */;
			projectDirPath = "";
			projectRoot = "";
			targets = (
				512714DC1F27951A00CC3548 /* WesterosApp */,
				512714EF1F27951B00CC3548 /* WesterosAppTests */,
			);
		};
/* End PBXProject section */

/* Begin PBXResourcesBuildPhase section */
		512714DB1F27951A00CC3548 /* Resources */ = {
			isa = PBXResourcesBuildPhase;
			buildActionMask = 2147483647;
			files = (
				512714E71F27951A00CC3548 /* Assets.xcassets in Resources */,
				512714EA1F27951A00CC3548 /* LaunchScreen.storyboard in Resources */,
				5127150E1F27A46200CC3548 /* HouseViewController.xib in Resources */,
				512715131F27AF0100CC3548 /* WebViewController.xib in Resources */,
			);
			runOnlyForDeploymentPostprocessing = 0;
		};
		512714EE1F27951B00CC3548 /* Resources */ = {
			isa = PBXResourcesBuildPhase;
			buildActionMask = 2147483647;
			files = (
			);
			runOnlyForDeploymentPostprocessing = 0;
		};
/* End PBXResourcesBuildPhase section */

/* Begin PBXSourcesBuildPhase section */
		512714D91F27951A00CC3548 /* Sources */ = {
			isa = PBXSourcesBuildPhase;
			buildActionMask = 2147483647;
			files = (
				512715191F27BF4C00CC3548 /* HousesModel.m in Sources */,
				512715051F27973400CC3548 /* SigilModel.m in Sources */,
				512715121F27AF0100CC3548 /* WebViewController.m in Sources */,
				512715011F27961000CC3548 /* HouseModel.m in Sources */,
				512715081F279B1400CC3548 /* Person.m in Sources */,
				5127150D1F27A46200CC3548 /* HouseViewController.m in Sources */,
				5127151C1F27C45100CC3548 /* HousesTableViewController.m in Sources */,
				512714E51F27951A00CC3548 /* AppDelegate.m in Sources */,
				512714E21F27951A00CC3548 /* main.m in Sources */,
			);
			runOnlyForDeploymentPostprocessing = 0;
		};
		512714EC1F27951B00CC3548 /* Sources */ = {
			isa = PBXSourcesBuildPhase;
			buildActionMask = 2147483647;
			files = (
				512714F51F27951B00CC3548 /* WesterosAppTests.m in Sources */,
			);
			runOnlyForDeploymentPostprocessing = 0;
		};
/* End PBXSourcesBuildPhase section */

/* Begin PBXTargetDependency section */
		512714F21F27951B00CC3548 /* PBXTargetDependency */ = {
			isa = PBXTargetDependency;
			target = 512714DC1F27951A00CC3548 /* WesterosApp */;
			targetProxy = 512714F11F27951B00CC3548 /* PBXContainerItemProxy */;
		};
/* End PBXTargetDependency section */

/* Begin PBXVariantGroup section */
		512714E81F27951A00CC3548 /* LaunchScreen.storyboard */ = {
			isa = PBXVariantGroup;
			children = (
				512714E91F27951A00CC3548 /* Base */,
			);
			name = LaunchScreen.storyboard;
			sourceTree = "<group>";
		};
/* End PBXVariantGroup section */

/* Begin XCBuildConfiguration section */
		512714F71F27951B00CC3548 /* Debug */ = {
			isa = XCBuildConfiguration;
			buildSettings = {
				ALWAYS_SEARCH_USER_PATHS = NO;
				CLANG_ANALYZER_NONNULL = YES;
				CLANG_ANALYZER_NUMBER_OBJECT_CONVERSION = YES_AGGRESSIVE;
				CLANG_CXX_LANGUAGE_STANDARD = "gnu++0x";
				CLANG_CXX_LIBRARY = "libc++";
				CLANG_ENABLE_MODULES = YES;
				CLANG_ENABLE_OBJC_ARC = YES;
				CLANG_WARN_BOOL_CONVERSION = YES;
				CLANG_WARN_CONSTANT_CONVERSION = YES;
				CLANG_WARN_DIRECT_OBJC_ISA_USAGE = YES_ERROR;
				CLANG_WARN_DOCUMENTATION_COMMENTS = YES;
				CLANG_WARN_EMPTY_BODY = YES;
				CLANG_WARN_ENUM_CONVERSION = YES;
				CLANG_WARN_INFINITE_RECURSION = YES;
				CLANG_WARN_INT_CONVERSION = YES;
				CLANG_WARN_OBJC_ROOT_CLASS = YES_ERROR;
				CLANG_WARN_SUSPICIOUS_MOVE = YES;
				CLANG_WARN_UNREACHABLE_CODE = YES;
				CLANG_WARN__DUPLICATE_METHOD_MATCH = YES;
				"CODE_SIGN_IDENTITY[sdk=iphoneos*]" = "iPhone Developer";
				COPY_PHASE_STRIP = NO;
				DEBUG_INFORMATION_FORMAT = dwarf;
				ENABLE_STRICT_OBJC_MSGSEND = YES;
				ENABLE_TESTABILITY = YES;
				GCC_C_LANGUAGE_STANDARD = gnu99;
				GCC_DYNAMIC_NO_PIC = NO;
				GCC_NO_COMMON_BLOCKS = YES;
				GCC_OPTIMIZATION_LEVEL = 0;
				GCC_PREPROCESSOR_DEFINITIONS = (
					"DEBUG=1",
					"$(inherited)",
				);
				GCC_WARN_64_TO_32_BIT_CONVERSION = YES;
				GCC_WARN_ABOUT_RETURN_TYPE = YES_ERROR;
				GCC_WARN_UNDECLARED_SELECTOR = YES;
				GCC_WARN_UNINITIALIZED_AUTOS = YES_AGGRESSIVE;
				GCC_WARN_UNUSED_FUNCTION = YES;
				GCC_WARN_UNUSED_VARIABLE = YES;
				IPHONEOS_DEPLOYMENT_TARGET = 10.3;
				MTL_ENABLE_DEBUG_INFO = YES;
				ONLY_ACTIVE_ARCH = YES;
				SDKROOT = iphoneos;
				TARGETED_DEVICE_FAMILY = "1,2";
			};
			name = Debug;
		};
		512714F81F27951B00CC3548 /* Release */ = {
			isa = XCBuildConfiguration;
			buildSettings = {
				ALWAYS_SEARCH_USER_PATHS = NO;
				CLANG_ANALYZER_NONNULL = YES;
				CLANG_ANALYZER_NUMBER_OBJECT_CONVERSION = YES_AGGRESSIVE;
				CLANG_CXX_LANGUAGE_STANDARD = "gnu++0x";
				CLANG_CXX_LIBRARY = "libc++";
				CLANG_ENABLE_MODULES = YES;
				CLANG_ENABLE_OBJC_ARC = YES;
				CLANG_WARN_BOOL_CONVERSION = YES;
				CLANG_WARN_CONSTANT_CONVERSION = YES;
				CLANG_WARN_DIRECT_OBJC_ISA_USAGE = YES_ERROR;
				CLANG_WARN_DOCUMENTATION_COMMENTS = YES;
				CLANG_WARN_EMPTY_BODY = YES;
				CLANG_WARN_ENUM_CONVERSION = YES;
				CLANG_WARN_INFINITE_RECURSION = YES;
				CLANG_WARN_INT_CONVERSION = YES;
				CLANG_WARN_OBJC_ROOT_CLASS = YES_ERROR;
				CLANG_WARN_SUSPICIOUS_MOVE = YES;
				CLANG_WARN_UNREACHABLE_CODE = YES;
				CLANG_WARN__DUPLICATE_METHOD_MATCH = YES;
				"CODE_SIGN_IDENTITY[sdk=iphoneos*]" = "iPhone Developer";
				COPY_PHASE_STRIP = NO;
				DEBUG_INFORMATION_FORMAT = "dwarf-with-dsym";
				ENABLE_NS_ASSERTIONS = NO;
				ENABLE_STRICT_OBJC_MSGSEND = YES;
				GCC_C_LANGUAGE_STANDARD = gnu99;
				GCC_NO_COMMON_BLOCKS = YES;
				GCC_WARN_64_TO_32_BIT_CONVERSION = YES;
				GCC_WARN_ABOUT_RETURN_TYPE = YES_ERROR;
				GCC_WARN_UNDECLARED_SELECTOR = YES;
				GCC_WARN_UNINITIALIZED_AUTOS = YES_AGGRESSIVE;
				GCC_WARN_UNUSED_FUNCTION = YES;
				GCC_WARN_UNUSED_VARIABLE = YES;
				IPHONEOS_DEPLOYMENT_TARGET = 10.3;
				MTL_ENABLE_DEBUG_INFO = NO;
				SDKROOT = iphoneos;
				TARGETED_DEVICE_FAMILY = "1,2";
				VALIDATE_PRODUCT = YES;
			};
			name = Release;
		};
		512714FA1F27951B00CC3548 /* Debug */ = {
			isa = XCBuildConfiguration;
			buildSettings = {
				ASSETCATALOG_COMPILER_APPICON_NAME = AppIcon;
				DEVELOPMENT_TEAM = 5J2G4846S8;
				INFOPLIST_FILE = WesterosApp/Info.plist;
				LD_RUNPATH_SEARCH_PATHS = "$(inherited) @executable_path/Frameworks";
				PRODUCT_BUNDLE_IDENTIFIER = "com.gmail-alancasasarevalo.WesterosApp";
				PRODUCT_NAME = "$(TARGET_NAME)";
			};
			name = Debug;
		};
		512714FB1F27951B00CC3548 /* Release */ = {
			isa = XCBuildConfiguration;
			buildSettings = {
				ASSETCATALOG_COMPILER_APPICON_NAME = AppIcon;
				DEVELOPMENT_TEAM = 5J2G4846S8;
				INFOPLIST_FILE = WesterosApp/Info.plist;
				LD_RUNPATH_SEARCH_PATHS = "$(inherited) @executable_path/Frameworks";
				PRODUCT_BUNDLE_IDENTIFIER = "com.gmail-alancasasarevalo.WesterosApp";
				PRODUCT_NAME = "$(TARGET_NAME)";
			};
			name = Release;
		};
		512714FD1F27951B00CC3548 /* Debug */ = {
			isa = XCBuildConfiguration;
			buildSettings = {
				BUNDLE_LOADER = "$(TEST_HOST)";
				DEVELOPMENT_TEAM = 5J2G4846S8;
				INFOPLIST_FILE = WesterosAppTests/Info.plist;
				LD_RUNPATH_SEARCH_PATHS = "$(inherited) @executable_path/Frameworks @loader_path/Frameworks";
				PRODUCT_BUNDLE_IDENTIFIER = "com.gmail-alancasasarevalo.WesterosAppTests";
				PRODUCT_NAME = "$(TARGET_NAME)";
				TEST_HOST = "$(BUILT_PRODUCTS_DIR)/WesterosApp.app/WesterosApp";
			};
			name = Debug;
		};
		512714FE1F27951B00CC3548 /* Release */ = {
			isa = XCBuildConfiguration;
			buildSettings = {
				BUNDLE_LOADER = "$(TEST_HOST)";
				DEVELOPMENT_TEAM = 5J2G4846S8;
				INFOPLIST_FILE = WesterosAppTests/Info.plist;
				LD_RUNPATH_SEARCH_PATHS = "$(inherited) @executable_path/Frameworks @loader_path/Frameworks";
				PRODUCT_BUNDLE_IDENTIFIER = "com.gmail-alancasasarevalo.WesterosAppTests";
				PRODUCT_NAME = "$(TARGET_NAME)";
				TEST_HOST = "$(BUILT_PRODUCTS_DIR)/WesterosApp.app/WesterosApp";
			};
			name = Release;
		};
/* End XCBuildConfiguration section */

/* Begin XCConfigurationList section */
		512714D81F27951A00CC3548 /* Build configuration list for PBXProject "WesterosApp" */ = {
			isa = XCConfigurationList;
			buildConfigurations = (
				512714F71F27951B00CC3548 /* Debug */,
				512714F81F27951B00CC3548 /* Release */,
			);
			defaultConfigurationIsVisible = 0;
			defaultConfigurationName = Release;
		};
		512714F91F27951B00CC3548 /* Build configuration list for PBXNativeTarget "WesterosApp" */ = {
			isa = XCConfigurationList;
			buildConfigurations = (
				512714FA1F27951B00CC3548 /* Debug */,
				512714FB1F27951B00CC3548 /* Release */,
			);
			defaultConfigurationIsVisible = 0;
		};
		512714FC1F27951B00CC3548 /* Build configuration list for PBXNativeTarget "WesterosAppTests" */ = {
			isa = XCConfigurationList;
			buildConfigurations = (
				512714FD1F27951B00CC3548 /* Debug */,
				512714FE1F27951B00CC3548 /* Release */,
			);
			defaultConfigurationIsVisible = 0;
		};
/* End XCConfigurationList section */
	};
	rootObject = 512714D51F27951A00CC3548 /* Project object */;
}
